// !$*UTF8*$!
{
	archiveVersion = 1;
	classes = {
	};
	objectVersion = 50;
	objects = {

/* Begin PBXBuildFile section */
		AE605DC024C47DC500E9CA07 /* Tests_iOS.swift in Sources */ = {isa = PBXBuildFile; fileRef = AE605DBF24C47DC500E9CA07 /* Tests_iOS.swift */; };
		AE605DCB24C47DC500E9CA07 /* Tests_macOS.swift in Sources */ = {isa = PBXBuildFile; fileRef = AE605DCA24C47DC500E9CA07 /* Tests_macOS.swift */; };
		AE605DCD24C47DC500E9CA07 /* RemembuyApp.swift in Sources */ = {isa = PBXBuildFile; fileRef = AE605DA424C47DC200E9CA07 /* RemembuyApp.swift */; };
		AE605DCE24C47DC500E9CA07 /* RemembuyApp.swift in Sources */ = {isa = PBXBuildFile; fileRef = AE605DA424C47DC200E9CA07 /* RemembuyApp.swift */; };
		AE605DCF24C47DC500E9CA07 /* ContentView.swift in Sources */ = {isa = PBXBuildFile; fileRef = AE605DA524C47DC200E9CA07 /* ContentView.swift */; };
		AE605DD024C47DC500E9CA07 /* ContentView.swift in Sources */ = {isa = PBXBuildFile; fileRef = AE605DA524C47DC200E9CA07 /* ContentView.swift */; };
		AE605DD124C47DC500E9CA07 /* Assets.xcassets in Resources */ = {isa = PBXBuildFile; fileRef = AE605DA624C47DC500E9CA07 /* Assets.xcassets */; };
		AE605DD224C47DC500E9CA07 /* Assets.xcassets in Resources */ = {isa = PBXBuildFile; fileRef = AE605DA624C47DC500E9CA07 /* Assets.xcassets */; };
		AE71558824C4AD520043C872 /* KeyboardResponder.swift in Sources */ = {isa = PBXBuildFile; fileRef = AE71558724C4AD520043C872 /* KeyboardResponder.swift */; };
		AE71558924C4AD520043C872 /* KeyboardResponder.swift in Sources */ = {isa = PBXBuildFile; fileRef = AE71558724C4AD520043C872 /* KeyboardResponder.swift */; };
/* End PBXBuildFile section */

/* Begin PBXContainerItemProxy section */
		AE605DBC24C47DC500E9CA07 /* PBXContainerItemProxy */ = {
			isa = PBXContainerItemProxy;
			containerPortal = AE605D9F24C47DC100E9CA07 /* Project object */;
			proxyType = 1;
			remoteGlobalIDString = AE605DAA24C47DC500E9CA07;
			remoteInfo = iOS;
		};
		AE605DC724C47DC500E9CA07 /* PBXContainerItemProxy */ = {
			isa = PBXContainerItemProxy;
			containerPortal = AE605D9F24C47DC100E9CA07 /* Project object */;
			proxyType = 1;
			remoteGlobalIDString = AE605DB224C47DC500E9CA07;
			remoteInfo = macOS;
		};
/* End PBXContainerItemProxy section */

/* Begin PBXCopyFilesBuildPhase section */
		AE605DE724C483A300E9CA07 /* Embed Frameworks */ = {
			isa = PBXCopyFilesBuildPhase;
			buildActionMask = 2147483647;
			dstPath = "";
			dstSubfolderSpec = 10;
			files = (
			);
			name = "Embed Frameworks";
			runOnlyForDeploymentPostprocessing = 0;
		};
/* End PBXCopyFilesBuildPhase section */

/* Begin PBXFileReference section */
		AE605DA424C47DC200E9CA07 /* RemembuyApp.swift */ = {isa = PBXFileReference; lastKnownFileType = sourcecode.swift; path = RemembuyApp.swift; sourceTree = "<group>"; };
		AE605DA524C47DC200E9CA07 /* ContentView.swift */ = {isa = PBXFileReference; lastKnownFileType = sourcecode.swift; path = ContentView.swift; sourceTree = "<group>"; };
		AE605DA624C47DC500E9CA07 /* Assets.xcassets */ = {isa = PBXFileReference; lastKnownFileType = folder.assetcatalog; path = Assets.xcassets; sourceTree = "<group>"; };
		AE605DAB24C47DC500E9CA07 /* Remembuy.app */ = {isa = PBXFileReference; explicitFileType = wrapper.application; includeInIndex = 0; path = Remembuy.app; sourceTree = BUILT_PRODUCTS_DIR; };
		AE605DAE24C47DC500E9CA07 /* Info.plist */ = {isa = PBXFileReference; lastKnownFileType = text.plist.xml; path = Info.plist; sourceTree = "<group>"; };
		AE605DB324C47DC500E9CA07 /* Remembuy.app */ = {isa = PBXFileReference; explicitFileType = wrapper.application; includeInIndex = 0; path = Remembuy.app; sourceTree = BUILT_PRODUCTS_DIR; };
		AE605DB524C47DC500E9CA07 /* Info.plist */ = {isa = PBXFileReference; lastKnownFileType = text.plist.xml; path = Info.plist; sourceTree = "<group>"; };
		AE605DB624C47DC500E9CA07 /* macOS.entitlements */ = {isa = PBXFileReference; lastKnownFileType = text.plist.entitlements; path = macOS.entitlements; sourceTree = "<group>"; };
		AE605DBB24C47DC500E9CA07 /* Tests iOS.xctest */ = {isa = PBXFileReference; explicitFileType = wrapper.cfbundle; includeInIndex = 0; path = "Tests iOS.xctest"; sourceTree = BUILT_PRODUCTS_DIR; };
		AE605DBF24C47DC500E9CA07 /* Tests_iOS.swift */ = {isa = PBXFileReference; lastKnownFileType = sourcecode.swift; path = Tests_iOS.swift; sourceTree = "<group>"; };
		AE605DC124C47DC500E9CA07 /* Info.plist */ = {isa = PBXFileReference; lastKnownFileType = text.plist.xml; path = Info.plist; sourceTree = "<group>"; };
		AE605DC624C47DC500E9CA07 /* Tests macOS.xctest */ = {isa = PBXFileReference; explicitFileType = wrapper.cfbundle; includeInIndex = 0; path = "Tests macOS.xctest"; sourceTree = BUILT_PRODUCTS_DIR; };
		AE605DCA24C47DC500E9CA07 /* Tests_macOS.swift */ = {isa = PBXFileReference; lastKnownFileType = sourcecode.swift; path = Tests_macOS.swift; sourceTree = "<group>"; };
		AE605DCC24C47DC500E9CA07 /* Info.plist */ = {isa = PBXFileReference; lastKnownFileType = text.plist.xml; path = Info.plist; sourceTree = "<group>"; };
		AE71558724C4AD520043C872 /* KeyboardResponder.swift */ = {isa = PBXFileReference; lastKnownFileType = sourcecode.swift; path = KeyboardResponder.swift; sourceTree = "<group>"; };
/* End PBXFileReference section */

/* Begin PBXFrameworksBuildPhase section */
		AE605DA824C47DC500E9CA07 /* Frameworks */ = {
			isa = PBXFrameworksBuildPhase;
			buildActionMask = 2147483647;
			files = (
			);
			runOnlyForDeploymentPostprocessing = 0;
		};
		AE605DB024C47DC500E9CA07 /* Frameworks */ = {
			isa = PBXFrameworksBuildPhase;
			buildActionMask = 2147483647;
			files = (
			);
			runOnlyForDeploymentPostprocessing = 0;
		};
		AE605DB824C47DC500E9CA07 /* Frameworks */ = {
			isa = PBXFrameworksBuildPhase;
			buildActionMask = 2147483647;
			files = (
			);
			runOnlyForDeploymentPostprocessing = 0;
		};
		AE605DC324C47DC500E9CA07 /* Frameworks */ = {
			isa = PBXFrameworksBuildPhase;
			buildActionMask = 2147483647;
			files = (
			);
			runOnlyForDeploymentPostprocessing = 0;
		};
/* End PBXFrameworksBuildPhase section */

/* Begin PBXGroup section */
		AE605D9E24C47DC100E9CA07 = {
			isa = PBXGroup;
			children = (
				AE605DA324C47DC200E9CA07 /* Shared */,
				AE605DAD24C47DC500E9CA07 /* iOS */,
				AE605DB424C47DC500E9CA07 /* macOS */,
				AE605DBE24C47DC500E9CA07 /* Tests iOS */,
				AE605DC924C47DC500E9CA07 /* Tests macOS */,
				AE605DAC24C47DC500E9CA07 /* Products */,
			);
			sourceTree = "<group>";
		};
		AE605DA324C47DC200E9CA07 /* Shared */ = {
			isa = PBXGroup;
			children = (
				AE605DA424C47DC200E9CA07 /* RemembuyApp.swift */,
				AE605DA524C47DC200E9CA07 /* ContentView.swift */,
				AE605DA624C47DC500E9CA07 /* Assets.xcassets */,
				AE71558724C4AD520043C872 /* KeyboardResponder.swift */,
			);
			path = Shared;
			sourceTree = "<group>";
		};
		AE605DAC24C47DC500E9CA07 /* Products */ = {
			isa = PBXGroup;
			children = (
				AE605DAB24C47DC500E9CA07 /* Remembuy.app */,
				AE605DB324C47DC500E9CA07 /* Remembuy.app */,
				AE605DBB24C47DC500E9CA07 /* Tests iOS.xctest */,
				AE605DC624C47DC500E9CA07 /* Tests macOS.xctest */,
			);
			name = Products;
			sourceTree = "<group>";
		};
		AE605DAD24C47DC500E9CA07 /* iOS */ = {
			isa = PBXGroup;
			children = (
				AE605DAE24C47DC500E9CA07 /* Info.plist */,
			);
			path = iOS;
			sourceTree = "<group>";
		};
		AE605DB424C47DC500E9CA07 /* macOS */ = {
			isa = PBXGroup;
			children = (
				AE605DB524C47DC500E9CA07 /* Info.plist */,
				AE605DB624C47DC500E9CA07 /* macOS.entitlements */,
			);
			path = macOS;
			sourceTree = "<group>";
		};
		AE605DBE24C47DC500E9CA07 /* Tests iOS */ = {
			isa = PBXGroup;
			children = (
				AE605DBF24C47DC500E9CA07 /* Tests_iOS.swift */,
				AE605DC124C47DC500E9CA07 /* Info.plist */,
			);
			path = "Tests iOS";
			sourceTree = "<group>";
		};
		AE605DC924C47DC500E9CA07 /* Tests macOS */ = {
			isa = PBXGroup;
			children = (
				AE605DCA24C47DC500E9CA07 /* Tests_macOS.swift */,
				AE605DCC24C47DC500E9CA07 /* Info.plist */,
			);
			path = "Tests macOS";
			sourceTree = "<group>";
		};
/* End PBXGroup section */

/* Begin PBXNativeTarget section */
		AE605DAA24C47DC500E9CA07 /* iOS */ = {
			isa = PBXNativeTarget;
			buildConfigurationList = AE605DD524C47DC500E9CA07 /* Build configuration list for PBXNativeTarget "iOS" */;
			buildPhases = (
				AE605DA724C47DC500E9CA07 /* Sources */,
				AE605DA824C47DC500E9CA07 /* Frameworks */,
				AE605DA924C47DC500E9CA07 /* Resources */,
				AE605DE724C483A300E9CA07 /* Embed Frameworks */,
			);
			buildRules = (
			);
			dependencies = (
			);
			name = iOS;
			packageProductDependencies = (
			);
			productName = iOS;
			productReference = AE605DAB24C47DC500E9CA07 /* Remembuy.app */;
			productType = "com.apple.product-type.application";
		};
		AE605DB224C47DC500E9CA07 /* macOS */ = {
			isa = PBXNativeTarget;
			buildConfigurationList = AE605DD824C47DC500E9CA07 /* Build configuration list for PBXNativeTarget "macOS" */;
			buildPhases = (
				AE605DAF24C47DC500E9CA07 /* Sources */,
				AE605DB024C47DC500E9CA07 /* Frameworks */,
				AE605DB124C47DC500E9CA07 /* Resources */,
			);
			buildRules = (
			);
			dependencies = (
			);
			name = macOS;
			productName = macOS;
			productReference = AE605DB324C47DC500E9CA07 /* Remembuy.app */;
			productType = "com.apple.product-type.application";
		};
		AE605DBA24C47DC500E9CA07 /* Tests iOS */ = {
			isa = PBXNativeTarget;
			buildConfigurationList = AE605DDB24C47DC500E9CA07 /* Build configuration list for PBXNativeTarget "Tests iOS" */;
			buildPhases = (
				AE605DB724C47DC500E9CA07 /* Sources */,
				AE605DB824C47DC500E9CA07 /* Frameworks */,
				AE605DB924C47DC500E9CA07 /* Resources */,
			);
			buildRules = (
			);
			dependencies = (
				AE605DBD24C47DC500E9CA07 /* PBXTargetDependency */,
			);
			name = "Tests iOS";
			productName = "Tests iOS";
			productReference = AE605DBB24C47DC500E9CA07 /* Tests iOS.xctest */;
			productType = "com.apple.product-type.bundle.ui-testing";
		};
		AE605DC524C47DC500E9CA07 /* Tests macOS */ = {
			isa = PBXNativeTarget;
			buildConfigurationList = AE605DDE24C47DC500E9CA07 /* Build configuration list for PBXNativeTarget "Tests macOS" */;
			buildPhases = (
				AE605DC224C47DC500E9CA07 /* Sources */,
				AE605DC324C47DC500E9CA07 /* Frameworks */,
				AE605DC424C47DC500E9CA07 /* Resources */,
			);
			buildRules = (
			);
			dependencies = (
				AE605DC824C47DC500E9CA07 /* PBXTargetDependency */,
			);
			name = "Tests macOS";
			productName = "Tests macOS";
			productReference = AE605DC624C47DC500E9CA07 /* Tests macOS.xctest */;
			productType = "com.apple.product-type.bundle.ui-testing";
		};
/* End PBXNativeTarget section */

/* Begin PBXProject section */
		AE605D9F24C47DC100E9CA07 /* Project object */ = {
			isa = PBXProject;
			attributes = {
				LastSwiftUpdateCheck = 1200;
				LastUpgradeCheck = 1200;
				TargetAttributes = {
					AE605DAA24C47DC500E9CA07 = {
						CreatedOnToolsVersion = 12.0;
					};
					AE605DB224C47DC500E9CA07 = {
						CreatedOnToolsVersion = 12.0;
					};
					AE605DBA24C47DC500E9CA07 = {
						CreatedOnToolsVersion = 12.0;
						TestTargetID = AE605DAA24C47DC500E9CA07;
					};
					AE605DC524C47DC500E9CA07 = {
						CreatedOnToolsVersion = 12.0;
						TestTargetID = AE605DB224C47DC500E9CA07;
					};
				};
			};
			buildConfigurationList = AE605DA224C47DC100E9CA07 /* Build configuration list for PBXProject "Remembuy" */;
			compatibilityVersion = "Xcode 9.3";
			developmentRegion = en;
			hasScannedForEncodings = 0;
			knownRegions = (
				en,
				Base,
			);
			mainGroup = AE605D9E24C47DC100E9CA07;
			packageReferences = (
			);
			productRefGroup = AE605DAC24C47DC500E9CA07 /* Products */;
			projectDirPath = "";
			projectRoot = "";
			targets = (
				AE605DAA24C47DC500E9CA07 /* iOS */,
				AE605DB224C47DC500E9CA07 /* macOS */,
				AE605DBA24C47DC500E9CA07 /* Tests iOS */,
				AE605DC524C47DC500E9CA07 /* Tests macOS */,
			);
		};
/* End PBXProject section */

/* Begin PBXResourcesBuildPhase section */
		AE605DA924C47DC500E9CA07 /* Resources */ = {
			isa = PBXResourcesBuildPhase;
			buildActionMask = 2147483647;
			files = (
				AE605DD124C47DC500E9CA07 /* Assets.xcassets in Resources */,
			);
			runOnlyForDeploymentPostprocessing = 0;
		};
		AE605DB124C47DC500E9CA07 /* Resources */ = {
			isa = PBXResourcesBuildPhase;
			buildActionMask = 2147483647;
			files = (
				AE605DD224C47DC500E9CA07 /* Assets.xcassets in Resources */,
			);
			runOnlyForDeploymentPostprocessing = 0;
		};
		AE605DB924C47DC500E9CA07 /* Resources */ = {
			isa = PBXResourcesBuildPhase;
			buildActionMask = 2147483647;
			files = (
			);
			runOnlyForDeploymentPostprocessing = 0;
		};
		AE605DC424C47DC500E9CA07 /* Resources */ = {
			isa = PBXResourcesBuildPhase;
			buildActionMask = 2147483647;
			files = (
			);
			runOnlyForDeploymentPostprocessing = 0;
		};
/* End PBXResourcesBuildPhase section */

/* Begin PBXSourcesBuildPhase section */
		AE605DA724C47DC500E9CA07 /* Sources */ = {
			isa = PBXSourcesBuildPhase;
			buildActionMask = 2147483647;
			files = (
				AE605DCF24C47DC500E9CA07 /* ContentView.swift in Sources */,
				AE605DCD24C47DC500E9CA07 /* RemembuyApp.swift in Sources */,
				AE71558824C4AD520043C872 /* KeyboardResponder.swift in Sources */,
			);
			runOnlyForDeploymentPostprocessing = 0;
		};
		AE605DAF24C47DC500E9CA07 /* Sources */ = {
			isa = PBXSourcesBuildPhase;
			buildActionMask = 2147483647;
			files = (
				AE605DD024C47DC500E9CA07 /* ContentView.swift in Sources */,
				AE605DCE24C47DC500E9CA07 /* RemembuyApp.swift in Sources */,
				AE71558924C4AD520043C872 /* KeyboardResponder.swift in Sources */,
			);
			runOnlyForDeploymentPostprocessing = 0;
		};
		AE605DB724C47DC500E9CA07 /* Sources */ = {
			isa = PBXSourcesBuildPhase;
			buildActionMask = 2147483647;
			files = (
				AE605DC024C47DC500E9CA07 /* Tests_iOS.swift in Sources */,
			);
			runOnlyForDeploymentPostprocessing = 0;
		};
		AE605DC224C47DC500E9CA07 /* Sources */ = {
			isa = PBXSourcesBuildPhase;
			buildActionMask = 2147483647;
			files = (
				AE605DCB24C47DC500E9CA07 /* Tests_macOS.swift in Sources */,
			);
			runOnlyForDeploymentPostprocessing = 0;
		};
/* End PBXSourcesBuildPhase section */

/* Begin PBXTargetDependency section */
		AE605DBD24C47DC500E9CA07 /* PBXTargetDependency */ = {
			isa = PBXTargetDependency;
			target = AE605DAA24C47DC500E9CA07 /* iOS */;
			targetProxy = AE605DBC24C47DC500E9CA07 /* PBXContainerItemProxy */;
		};
		AE605DC824C47DC500E9CA07 /* PBXTargetDependency */ = {
			isa = PBXTargetDependency;
			target = AE605DB224C47DC500E9CA07 /* macOS */;
			targetProxy = AE605DC724C47DC500E9CA07 /* PBXContainerItemProxy */;
		};
/* End PBXTargetDependency section */

/* Begin XCBuildConfiguration section */
		AE605DD324C47DC500E9CA07 /* Debug */ = {
			isa = XCBuildConfiguration;
			buildSettings = {
				ALWAYS_SEARCH_USER_PATHS = NO;
				CLANG_ANALYZER_NONNULL = YES;
				CLANG_ANALYZER_NUMBER_OBJECT_CONVERSION = YES_AGGRESSIVE;
				CLANG_CXX_LANGUAGE_STANDARD = "gnu++14";
				CLANG_CXX_LIBRARY = "libc++";
				CLANG_ENABLE_MODULES = YES;
				CLANG_ENABLE_OBJC_ARC = YES;
				CLANG_ENABLE_OBJC_WEAK = YES;
				CLANG_WARN_BLOCK_CAPTURE_AUTORELEASING = YES;
				CLANG_WARN_BOOL_CONVERSION = YES;
				CLANG_WARN_COMMA = YES;
				CLANG_WARN_CONSTANT_CONVERSION = YES;
				CLANG_WARN_DEPRECATED_OBJC_IMPLEMENTATIONS = YES;
				CLANG_WARN_DIRECT_OBJC_ISA_USAGE = YES_ERROR;
				CLANG_WARN_DOCUMENTATION_COMMENTS = YES;
				CLANG_WARN_EMPTY_BODY = YES;
				CLANG_WARN_ENUM_CONVERSION = YES;
				CLANG_WARN_INFINITE_RECURSION = YES;
				CLANG_WARN_INT_CONVERSION = YES;
				CLANG_WARN_NON_LITERAL_NULL_CONVERSION = YES;
				CLANG_WARN_OBJC_IMPLICIT_RETAIN_SELF = YES;
				CLANG_WARN_OBJC_LITERAL_CONVERSION = YES;
				CLANG_WARN_OBJC_ROOT_CLASS = YES_ERROR;
				CLANG_WARN_QUOTED_INCLUDE_IN_FRAMEWORK_HEADER = YES;
				CLANG_WARN_RANGE_LOOP_ANALYSIS = YES;
				CLANG_WARN_STRICT_PROTOTYPES = YES;
				CLANG_WARN_SUSPICIOUS_MOVE = YES;
				CLANG_WARN_UNGUARDED_AVAILABILITY = YES_AGGRESSIVE;
				CLANG_WARN_UNREACHABLE_CODE = YES;
				CLANG_WARN__DUPLICATE_METHOD_MATCH = YES;
				COPY_PHASE_STRIP = NO;
				DEBUG_INFORMATION_FORMAT = dwarf;
				ENABLE_STRICT_OBJC_MSGSEND = YES;
				ENABLE_TESTABILITY = YES;
				GCC_C_LANGUAGE_STANDARD = gnu11;
				GCC_DYNAMIC_NO_PIC = NO;
				GCC_NO_COMMON_BLOCKS = YES;
				GCC_OPTIMIZATION_LEVEL = 0;
				GCC_PREPROCESSOR_DEFINITIONS = (
					"DEBUG=1",
					"$(inherited)",
				);
				GCC_WARN_64_TO_32_BIT_CONVERSION = YES;
				GCC_WARN_ABOUT_RETURN_TYPE = YES_ERROR;
				GCC_WARN_UNDECLARED_SELECTOR = YES;
				GCC_WARN_UNINITIALIZED_AUTOS = YES_AGGRESSIVE;
				GCC_WARN_UNUSED_FUNCTION = YES;
				GCC_WARN_UNUSED_VARIABLE = YES;
				MTL_ENABLE_DEBUG_INFO = INCLUDE_SOURCE;
				MTL_FAST_MATH = YES;
				ONLY_ACTIVE_ARCH = YES;
				SWIFT_ACTIVE_COMPILATION_CONDITIONS = DEBUG;
				SWIFT_OPTIMIZATION_LEVEL = "-Onone";
			};
			name = Debug;
		};
		AE605DD424C47DC500E9CA07 /* Release */ = {
			isa = XCBuildConfiguration;
			buildSettings = {
				ALWAYS_SEARCH_USER_PATHS = NO;
				CLANG_ANALYZER_NONNULL = YES;
				CLANG_ANALYZER_NUMBER_OBJECT_CONVERSION = YES_AGGRESSIVE;
				CLANG_CXX_LANGUAGE_STANDARD = "gnu++14";
				CLANG_CXX_LIBRARY = "libc++";
				CLANG_ENABLE_MODULES = YES;
				CLANG_ENABLE_OBJC_ARC = YES;
				CLANG_ENABLE_OBJC_WEAK = YES;
				CLANG_WARN_BLOCK_CAPTURE_AUTORELEASING = YES;
				CLANG_WARN_BOOL_CONVERSION = YES;
				CLANG_WARN_COMMA = YES;
				CLANG_WARN_CONSTANT_CONVERSION = YES;
				CLANG_WARN_DEPRECATED_OBJC_IMPLEMENTATIONS = YES;
				CLANG_WARN_DIRECT_OBJC_ISA_USAGE = YES_ERROR;
				CLANG_WARN_DOCUMENTATION_COMMENTS = YES;
				CLANG_WARN_EMPTY_BODY = YES;
				CLANG_WARN_ENUM_CONVERSION = YES;
				CLANG_WARN_INFINITE_RECURSION = YES;
				CLANG_WARN_INT_CONVERSION = YES;
				CLANG_WARN_NON_LITERAL_NULL_CONVERSION = YES;
				CLANG_WARN_OBJC_IMPLICIT_RETAIN_SELF = YES;
				CLANG_WARN_OBJC_LITERAL_CONVERSION = YES;
				CLANG_WARN_OBJC_ROOT_CLASS = YES_ERROR;
				CLANG_WARN_QUOTED_INCLUDE_IN_FRAMEWORK_HEADER = YES;
				CLANG_WARN_RANGE_LOOP_ANALYSIS = YES;
				CLANG_WARN_STRICT_PROTOTYPES = YES;
				CLANG_WARN_SUSPICIOUS_MOVE = YES;
				CLANG_WARN_UNGUARDED_AVAILABILITY = YES_AGGRESSIVE;
				CLANG_WARN_UNREACHABLE_CODE = YES;
				CLANG_WARN__DUPLICATE_METHOD_MATCH = YES;
				COPY_PHASE_STRIP = NO;
				DEBUG_INFORMATION_FORMAT = "dwarf-with-dsym";
				ENABLE_NS_ASSERTIONS = NO;
				ENABLE_STRICT_OBJC_MSGSEND = YES;
				GCC_C_LANGUAGE_STANDARD = gnu11;
				GCC_NO_COMMON_BLOCKS = YES;
				GCC_WARN_64_TO_32_BIT_CONVERSION = YES;
				GCC_WARN_ABOUT_RETURN_TYPE = YES_ERROR;
				GCC_WARN_UNDECLARED_SELECTOR = YES;
				GCC_WARN_UNINITIALIZED_AUTOS = YES_AGGRESSIVE;
				GCC_WARN_UNUSED_FUNCTION = YES;
				GCC_WARN_UNUSED_VARIABLE = YES;
				MTL_ENABLE_DEBUG_INFO = NO;
				MTL_FAST_MATH = YES;
				SWIFT_COMPILATION_MODE = wholemodule;
				SWIFT_OPTIMIZATION_LEVEL = "-O";
			};
			name = Release;
		};
		AE605DD624C47DC500E9CA07 /* Debug */ = {
			isa = XCBuildConfiguration;
			buildSettings = {
				ASSETCATALOG_COMPILER_APPICON_NAME = AppIcon;
				ASSETCATALOG_COMPILER_GLOBAL_ACCENT_COLOR_NAME = AccentColor;
				CODE_SIGN_STYLE = Automatic;
				DEVELOPMENT_TEAM = B6FVY827P9;
				ENABLE_PREVIEWS = YES;
				INFOPLIST_FILE = iOS/Info.plist;
				IPHONEOS_DEPLOYMENT_TARGET = 14.0;
				LD_RUNPATH_SEARCH_PATHS = (
					"$(inherited)",
					"@executable_path/Frameworks",
				);
				PRODUCT_BUNDLE_IDENTIFIER = net.kodare.Remembuy;
				PRODUCT_NAME = Remembuy;
				SDKROOT = iphoneos;
				SWIFT_VERSION = 5.0;
				TARGETED_DEVICE_FAMILY = "1,2";
			};
			name = Debug;
		};
		AE605DD724C47DC500E9CA07 /* Release */ = {
			isa = XCBuildConfiguration;
			buildSettings = {
				ASSETCATALOG_COMPILER_APPICON_NAME = AppIcon;
				ASSETCATALOG_COMPILER_GLOBAL_ACCENT_COLOR_NAME = AccentColor;
				CODE_SIGN_STYLE = Automatic;
				DEVELOPMENT_TEAM = B6FVY827P9;
				ENABLE_PREVIEWS = YES;
				INFOPLIST_FILE = iOS/Info.plist;
				IPHONEOS_DEPLOYMENT_TARGET = 14.0;
				LD_RUNPATH_SEARCH_PATHS = (
					"$(inherited)",
					"@executable_path/Frameworks",
				);
				PRODUCT_BUNDLE_IDENTIFIER = net.kodare.Remembuy;
				PRODUCT_NAME = Remembuy;
				SDKROOT = iphoneos;
				SWIFT_VERSION = 5.0;
				TARGETED_DEVICE_FAMILY = "1,2";
				VALIDATE_PRODUCT = YES;
			};
			name = Release;
		};
		AE605DD924C47DC500E9CA07 /* Debug */ = {
			isa = XCBuildConfiguration;
			buildSettings = {
				ASSETCATALOG_COMPILER_APPICON_NAME = AppIcon;
				ASSETCATALOG_COMPILER_GLOBAL_ACCENT_COLOR_NAME = AccentColor;
				CODE_SIGN_ENTITLEMENTS = macOS/macOS.entitlements;
				CODE_SIGN_STYLE = Automatic;
				COMBINE_HIDPI_IMAGES = YES;
				DEVELOPMENT_TEAM = B6FVY827P9;
				ENABLE_HARDENED_RUNTIME = YES;
				ENABLE_PREVIEWS = YES;
				INFOPLIST_FILE = macOS/Info.plist;
				LD_RUNPATH_SEARCH_PATHS = (
					"$(inherited)",
					"@executable_path/../Frameworks",
				);
				MACOSX_DEPLOYMENT_TARGET = 10.16;
				PRODUCT_BUNDLE_IDENTIFIER = net.kodare.Remembuy;
				PRODUCT_NAME = Remembuy;
				SDKROOT = macosx;
				SWIFT_VERSION = 5.0;
			};
			name = Debug;
		};
		AE605DDA24C47DC500E9CA07 /* Release */ = {
			isa = XCBuildConfiguration;
			buildSettings = {
				ASSETCATALOG_COMPILER_APPICON_NAME = AppIcon;
				ASSETCATALOG_COMPILER_GLOBAL_ACCENT_COLOR_NAME = AccentColor;
				CODE_SIGN_ENTITLEMENTS = macOS/macOS.entitlements;
				CODE_SIGN_STYLE = Automatic;
				COMBINE_HIDPI_IMAGES = YES;
				DEVELOPMENT_TEAM = B6FVY827P9;
				ENABLE_HARDENED_RUNTIME = YES;
				ENABLE_PREVIEWS = YES;
				INFOPLIST_FILE = macOS/Info.plist;
				LD_RUNPATH_SEARCH_PATHS = (
					"$(inherited)",
					"@executable_path/../Frameworks",
				);
				MACOSX_DEPLOYMENT_TARGET = 10.16;
				PRODUCT_BUNDLE_IDENTIFIER = net.kodare.Remembuy;
				PRODUCT_NAME = Remembuy;
				SDKROOT = macosx;
				SWIFT_VERSION = 5.0;
			};
			name = Release;
		};
		AE605DDC24C47DC500E9CA07 /* Debug */ = {
			isa = XCBuildConfiguration;
			buildSettings = {
				ALWAYS_EMBED_SWIFT_STANDARD_LIBRARIES = YES;
				CODE_SIGN_STYLE = Automatic;
				DEVELOPMENT_TEAM = B6FVY827P9;
				INFOPLIST_FILE = "Tests iOS/Info.plist";
				IPHONEOS_DEPLOYMENT_TARGET = 14.0;
				LD_RUNPATH_SEARCH_PATHS = (
					"$(inherited)",
					"@executable_path/Frameworks",
					"@loader_path/Frameworks",
				);
				PRODUCT_BUNDLE_IDENTIFIER = "net.kodare.Tests-iOS";
				PRODUCT_NAME = "$(TARGET_NAME)";
				SDKROOT = iphoneos;
				SWIFT_VERSION = 5.0;
				TARGETED_DEVICE_FAMILY = "1,2";
				TEST_TARGET_NAME = iOS;
			};
			name = Debug;
		};
		AE605DDD24C47DC500E9CA07 /* Release */ = {
			isa = XCBuildConfiguration;
			buildSettings = {
				ALWAYS_EMBED_SWIFT_STANDARD_LIBRARIES = YES;
				CODE_SIGN_STYLE = Automatic;
				DEVELOPMENT_TEAM = B6FVY827P9;
				INFOPLIST_FILE = "Tests iOS/Info.plist";
				IPHONEOS_DEPLOYMENT_TARGET = 14.0;
				LD_RUNPATH_SEARCH_PATHS = (
					"$(inherited)",
					"@executable_path/Frameworks",
					"@loader_path/Frameworks",
				);
				PRODUCT_BUNDLE_IDENTIFIER = "net.kodare.Tests-iOS";
				PRODUCT_NAME = "$(TARGET_NAME)";
				SDKROOT = iphoneos;
				SWIFT_VERSION = 5.0;
				TARGETED_DEVICE_FAMILY = "1,2";
				TEST_TARGET_NAME = iOS;
				VALIDATE_PRODUCT = YES;
			};
			name = Release;
		};
		AE605DDF24C47DC500E9CA07 /* Debug */ = {
			isa = XCBuildConfiguration;
			buildSettings = {
				ALWAYS_EMBED_SWIFT_STANDARD_LIBRARIES = YES;
				CODE_SIGN_STYLE = Automatic;
				COMBINE_HIDPI_IMAGES = YES;
				DEVELOPMENT_TEAM = B6FVY827P9;
				INFOPLIST_FILE = "Tests macOS/Info.plist";
				LD_RUNPATH_SEARCH_PATHS = (
					"$(inherited)",
					"@executable_path/../Frameworks",
					"@loader_path/../Frameworks",
				);
				MACOSX_DEPLOYMENT_TARGET = 10.15;
				PRODUCT_BUNDLE_IDENTIFIER = "net.kodare.Tests-macOS";
				PRODUCT_NAME = "$(TARGET_NAME)";
				SDKROOT = macosx;
				SWIFT_VERSION = 5.0;
				TEST_TARGET_NAME = macOS;
			};
			name = Debug;
		};
		AE605DE024C47DC500E9CA07 /* Release */ = {
			isa = XCBuildConfiguration;
			buildSettings = {
				ALWAYS_EMBED_SWIFT_STANDARD_LIBRARIES = YES;
				CODE_SIGN_STYLE = Automatic;
				COMBINE_HIDPI_IMAGES = YES;
				DEVELOPMENT_TEAM = B6FVY827P9;
				INFOPLIST_FILE = "Tests macOS/Info.plist";
				LD_RUNPATH_SEARCH_PATHS = (
					"$(inherited)",
					"@executable_path/../Frameworks",
					"@loader_path/../Frameworks",
				);
				MACOSX_DEPLOYMENT_TARGET = 10.15;
				PRODUCT_BUNDLE_IDENTIFIER = "net.kodare.Tests-macOS";
				PRODUCT_NAME = "$(TARGET_NAME)";
				SDKROOT = macosx;
				SWIFT_VERSION = 5.0;
				TEST_TARGET_NAME = macOS;
			};
			name = Release;
		};
/* End XCBuildConfiguration section */

/* Begin XCConfigurationList section */
		AE605DA224C47DC100E9CA07 /* Build configuration list for PBXProject "Remembuy" */ = {
			isa = XCConfigurationList;
			buildConfigurations = (
				AE605DD324C47DC500E9CA07 /* Debug */,
				AE605DD424C47DC500E9CA07 /* Release */,
			);
			defaultConfigurationIsVisible = 0;
			defaultConfigurationName = Release;
		};
		AE605DD524C47DC500E9CA07 /* Build configuration list for PBXNativeTarget "iOS" */ = {
			isa = XCConfigurationList;
			buildConfigurations = (
				AE605DD624C47DC500E9CA07 /* Debug */,
				AE605DD724C47DC500E9CA07 /* Release */,
			);
			defaultConfigurationIsVisible = 0;
			defaultConfigurationName = Release;
		};
		AE605DD824C47DC500E9CA07 /* Build configuration list for PBXNativeTarget "macOS" */ = {
			isa = XCConfigurationList;
			buildConfigurations = (
				AE605DD924C47DC500E9CA07 /* Debug */,
				AE605DDA24C47DC500E9CA07 /* Release */,
			);
			defaultConfigurationIsVisible = 0;
			defaultConfigurationName = Release;
		};
		AE605DDB24C47DC500E9CA07 /* Build configuration list for PBXNativeTarget "Tests iOS" */ = {
			isa = XCConfigurationList;
			buildConfigurations = (
				AE605DDC24C47DC500E9CA07 /* Debug */,
				AE605DDD24C47DC500E9CA07 /* Release */,
			);
			defaultConfigurationIsVisible = 0;
			defaultConfigurationName = Release;
		};
		AE605DDE24C47DC500E9CA07 /* Build configuration list for PBXNativeTarget "Tests macOS" */ = {
			isa = XCConfigurationList;
			buildConfigurations = (
				AE605DDF24C47DC500E9CA07 /* Debug */,
				AE605DE024C47DC500E9CA07 /* Release */,
			);
			defaultConfigurationIsVisible = 0;
			defaultConfigurationName = Release;
		};
/* End XCConfigurationList section */
	};
	rootObject = AE605D9F24C47DC100E9CA07 /* Project object */;
}
